
Microsoft Visual Studio Solution File, Format Version 12.00
# Visual Studio Version 17
VisualStudioVersion = 17.7.34202.233
MinimumVisualStudioVersion = 10.0.40219.1
Project("{FAE04EC0-301F-11D3-BF4B-00C04F79EFBC}") = "ejercicioTelegramaGit_IMS2425", "ejercicioTelegramaGit_IMS2425.csproj", "{34017620-43FA-4909-98DE-B6F15ABB4B66}"
EndProject
Global
	GlobalSection(SolutionConfigurationPlatforms) = preSolution
		Debug|Any CPU = Debug|Any CPU
		Release|Any CPU = Release|Any CPU
	EndGlobalSection
	GlobalSection(ProjectConfigurationPlatforms) = postSolution
		{34017620-43FA-4909-98DE-B6F15ABB4B66}.Debug|Any CPU.ActiveCfg = Debug|Any CPU
		{34017620-43FA-4909-98DE-B6F15ABB4B66}.Debug|Any CPU.Build.0 = Debug|Any CPU
		{34017620-43FA-4909-98DE-B6F15ABB4B66}.Release|Any CPU.ActiveCfg = Release|Any CPU
		{34017620-43FA-4909-98DE-B6F15ABB4B66}.Release|Any CPU.Build.0 = Release|Any CPU
	EndGlobalSection
	GlobalSection(SolutionProperties) = preSolution
		HideSolutionNode = FALSE
	EndGlobalSection
	GlobalSection(ExtensibilityGlobals) = postSolution
		SolutionGuid = {555E8D16-C2D2-40A2-9C5C-38BC7ED400DE}
	EndGlobalSection
EndGlobal
